
Microsoft Visual Studio Solution File, Format Version 12.00
# Visual Studio Version 16
VisualStudioVersion = 16.0.30523.141
MinimumVisualStudioVersion = 10.0.40219.1
Project("{FAE04EC0-301F-11D3-BF4B-00C04F79EFBC}") = "HTUpdater", "HTUpdater\HTUpdater.csproj", "{547B3667-18E0-4C53-970E-015B573AE5D8}"
EndProject
Global
	GlobalSection(SolutionConfigurationPlatforms) = preSolution
		Debug|Any CPU = Debug|Any CPU
		Release|Any CPU = Release|Any CPU
	EndGlobalSection
	GlobalSection(ProjectConfigurationPlatforms) = postSolution
		{547B3667-18E0-4C53-970E-015B573AE5D8}.Debug|Any CPU.ActiveCfg = Debug|Any CPU
		{547B3667-18E0-4C53-970E-015B573AE5D8}.Debug|Any CPU.Build.0 = Debug|Any CPU
		{547B3667-18E0-4C53-970E-015B573AE5D8}.Release|Any CPU.ActiveCfg = Release|Any CPU
		{547B3667-18E0-4C53-970E-015B573AE5D8}.Release|Any CPU.Build.0 = Release|Any CPU
	EndGlobalSection
	GlobalSection(SolutionProperties) = preSolution
		HideSolutionNode = FALSE
	EndGlobalSection
	GlobalSection(ExtensibilityGlobals) = postSolution
		SolutionGuid = {B533955C-3C16-4E74-A4A8-80F9D9B5511B}
	EndGlobalSection
EndGlobal
